
Microsoft Visual Studio Solution File, Format Version 12.00
# Visual Studio Version 17
VisualStudioVersion = 17.0.31314.256
MinimumVisualStudioVersion = 10.0.40219.1
Project("{2150E333-8FDC-42A3-9474-1A3956D46DE8}") = "Automation", "Automation", "{0BFBE63A-B98A-3411-8EEB-8918FEC737B3}"
EndProject
Project("{2150E333-8FDC-42A3-9474-1A3956D46DE8}") = "Engine", "Engine", "{233774A8-CC9D-3FA9-86D1-90573E92B704}"
EndProject
Project("{2150E333-8FDC-42A3-9474-1A3956D46DE8}") = "Games", "Games", "{DE1F8B53-6C02-3C13-9101-A7C8D96F3FF6}"
EndProject
Project("{2150E333-8FDC-42A3-9474-1A3956D46DE8}") = "Programs", "Programs", "{A338B9E2-A559-34BE-A46D-F789DD488FAD}"
EndProject
Project("{2150E333-8FDC-42A3-9474-1A3956D46DE8}") = "Rules", "Rules", "{C2F57ECE-B26F-39D8-BDA7-C1D40BD8F180}"
EndProject
Project("{2150E333-8FDC-42A3-9474-1A3956D46DE8}") = "Shared", "Shared", "{57713676-9DBE-331C-AD10-26632AC9EE0C}"
EndProject
Project("{2150E333-8FDC-42A3-9474-1A3956D46DE8}") = "UnrealBuildTool.Plugins", "UnrealBuildTool.Plugins", "{7B5CFB44-F0FB-31DF-AE62-C3C096A29A7B}"
EndProject
Project("{8BC9CEB8-8B4A-11D0-8D11-00A0C91BC942}") = "TeslaCoil", "Intermediate\ProjectFiles\TeslaCoil.vcxproj", "{065BDD95-AF9A-3956-8EDC-60B294DB5232}"
	ProjectSection(ProjectDependencies) = postProject
		{389ABAB4-8496-3D23-80FC-BFFADEDFF155} = {389ABAB4-8496-3D23-80FC-BFFADEDFF155}
	EndProjectSection
EndProject
Project("{8BC9CEB8-8B4A-11D0-8D11-00A0C91BC942}") = "UE5", "Intermediate\ProjectFiles\UE5.vcxproj", "{5E110233-6028-3D67-AC34-8AD232D815C8}"
EndProject
Project("{FAE04EC0-301F-11D3-BF4B-00C04F79EFBC}") = "UnrealBuildTool", "..\..\..\..\..\..\UnrealEngine 5.3\UE_5.3\Engine\Source\Programs\UnrealBuildTool\UnrealBuildTool.csproj", "{389ABAB4-8496-3D23-80FC-BFFADEDFF155}"
EndProject
Project("{FAE04EC0-301F-11D3-BF4B-00C04F79EFBC}") = "AutomationTool", "..\..\..\..\..\..\UnrealEngine 5.3\UE_5.3\Engine\Source\Programs\AutomationTool\AutomationTool.csproj", "{BE14A11F-BC0A-3FEB-B361-DC058E26FCE0}"
EndProject
Project("{FAE04EC0-301F-11D3-BF4B-00C04F79EFBC}") = "Android.Automation", "..\..\..\..\..\..\UnrealEngine 5.3\UE_5.3\Engine\Source\Programs\AutomationTool\Android\Android.Automation.csproj", "{435F8D2B-CFE6-38E7-A4C0-84C0E03D060C}"
EndProject
Project("{FAE04EC0-301F-11D3-BF4B-00C04F79EFBC}") = "Apple.Automation", "..\..\..\..\..\..\UnrealEngine 5.3\UE_5.3\Engine\Source\Programs\AutomationTool\Apple\Apple.Automation.csproj", "{BECA4323-16CF-3150-BA5F-861FD0260B9A}"
EndProject
Project("{FAE04EC0-301F-11D3-BF4B-00C04F79EFBC}") = "AutomationUtils.Automation", "..\..\..\..\..\..\UnrealEngine 5.3\UE_5.3\Engine\Source\Programs\AutomationTool\AutomationUtils\AutomationUtils.Automation.csproj", "{1848F83F-299C-32D8-97A8-731AADA86795}"
EndProject
Project("{FAE04EC0-301F-11D3-BF4B-00C04F79EFBC}") = "BuildGraph.Automation", "..\..\..\..\..\..\UnrealEngine 5.3\UE_5.3\Engine\Source\Programs\AutomationTool\BuildGraph\BuildGraph.Automation.csproj", "{0B532AD2-EC42-36BF-9647-5E5FC8F5A6DB}"
EndProject
Project("{FAE04EC0-301F-11D3-BF4B-00C04F79EFBC}") = "CookedEditor.Automation", "..\..\..\..\..\..\UnrealEngine 5.3\UE_5.3\Engine\Source\Programs\AutomationTool\CookedEditor\CookedEditor.Automation.csproj", "{46ACC38F-66BF-3E93-86A6-ECF95B088DE6}"
EndProject
Project("{FAE04EC0-301F-11D3-BF4B-00C04F79EFBC}") = "CrowdinLocalization.Automation", "..\..\..\..\..\..\UnrealEngine 5.3\UE_5.3\Engine\Source\Programs\AutomationTool\CrowdinLocalization\CrowdinLocalization.Automation.csproj", "{EA484F4C-3AF1-3661-9204-0F211831F812}"
EndProject
Project("{FAE04EC0-301F-11D3-BF4B-00C04F79EFBC}") = "Gauntlet.Automation", "..\..\..\..\..\..\UnrealEngine 5.3\UE_5.3\Engine\Source\Programs\AutomationTool\Gauntlet\Gauntlet.Automation.csproj", "{7CF3879E-009A-3207-9B03-F2A393DF91F7}"
EndProject
Project("{FAE04EC0-301F-11D3-BF4B-00C04F79EFBC}") = "IOS.Automation", "..\..\..\..\..\..\UnrealEngine 5.3\UE_5.3\Engine\Source\Programs\AutomationTool\IOS\IOS.Automation.csproj", "{0A086267-9859-3C2E-AF78-68EF4ED22C31}"
EndProject
Project("{FAE04EC0-301F-11D3-BF4B-00C04F79EFBC}") = "Linux.Automation", "..\..\..\..\..\..\UnrealEngine 5.3\UE_5.3\Engine\Source\Programs\AutomationTool\Linux\Linux.Automation.csproj", "{056AE6ED-20C9-3D7E-B876-283B92FF87FC}"
EndProject
Project("{FAE04EC0-301F-11D3-BF4B-00C04F79EFBC}") = "Localization.Automation", "..\..\..\..\..\..\UnrealEngine 5.3\UE_5.3\Engine\Source\Programs\AutomationTool\Localization\Localization.Automation.csproj", "{E1596BB9-841E-3B95-A096-B0F3E17A93F1}"
EndProject
Project("{FAE04EC0-301F-11D3-BF4B-00C04F79EFBC}") = "LowLevelTests.Automation", "..\..\..\..\..\..\UnrealEngine 5.3\UE_5.3\Engine\Source\Programs\AutomationTool\LowLevelTests\LowLevelTests.Automation.csproj", "{E5670856-0E28-3D42-B551-A02EAE469C60}"
EndProject
Project("{FAE04EC0-301F-11D3-BF4B-00C04F79EFBC}") = "Mac.Automation", "..\..\..\..\..\..\UnrealEngine 5.3\UE_5.3\Engine\Source\Programs\AutomationTool\Mac\Mac.Automation.csproj", "{C9DF845A-6AD3-3C50-8DCF-F818517B0DAC}"
EndProject
Project("{FAE04EC0-301F-11D3-BF4B-00C04F79EFBC}") = "OneSkyLocalization.Automation", "..\..\..\..\..\..\UnrealEngine 5.3\UE_5.3\Engine\Source\Programs\AutomationTool\OneSkyLocalization\OneSkyLocalization.Automation.csproj", "{96DDE5E6-DA62-3FB2-A209-CEF716E72DDC}"
EndProject
Project("{FAE04EC0-301F-11D3-BF4B-00C04F79EFBC}") = "AutomationScripts.Automation", "..\..\..\..\..\..\UnrealEngine 5.3\UE_5.3\Engine\Source\Programs\AutomationTool\Scripts\AutomationScripts.Automation.csproj", "{00C016E8-1563-351F-8194-6AB409668A65}"
EndProject
Project("{FAE04EC0-301F-11D3-BF4B-00C04F79EFBC}") = "SmartlingLocalization.Automation", "..\..\..\..\..\..\UnrealEngine 5.3\UE_5.3\Engine\Source\Programs\AutomationTool\SmartlingLocalization\SmartlingLocalization.Automation.csproj", "{D876FC70-5FE2-3006-AC60-EFADE298B112}"
EndProject
Project("{FAE04EC0-301F-11D3-BF4B-00C04F79EFBC}") = "SteamDeck.Automation", "..\..\..\..\..\..\UnrealEngine 5.3\UE_5.3\Engine\Source\Programs\AutomationTool\SteamDeck\SteamDeck.Automation.csproj", "{57CA5E36-71A3-3023-9CC1-8DB903A665DC}"
EndProject
Project("{FAE04EC0-301F-11D3-BF4B-00C04F79EFBC}") = "TVOS.Automation", "..\..\..\..\..\..\UnrealEngine 5.3\UE_5.3\Engine\Source\Programs\AutomationTool\TVOS\TVOS.Automation.csproj", "{1FACF2C5-897B-3124-BC67-B05DD20F756C}"
EndProject
Project("{FAE04EC0-301F-11D3-BF4B-00C04F79EFBC}") = "Turnkey.Automation", "..\..\..\..\..\..\UnrealEngine 5.3\UE_5.3\Engine\Source\Programs\AutomationTool\Turnkey\Turnkey.Automation.csproj", "{6A43C1B3-6636-3869-B742-1A7C567CBAFE}"
EndProject
Project("{FAE04EC0-301F-11D3-BF4B-00C04F79EFBC}") = "Win.Automation", "..\..\..\..\..\..\UnrealEngine 5.3\UE_5.3\Engine\Source\Programs\AutomationTool\Win\Win.Automation.csproj", "{BF622EAA-6EE6-3B93-93C8-394369C30431}"
EndProject
Project("{FAE04EC0-301F-11D3-BF4B-00C04F79EFBC}") = "XLocLocalization.Automation", "..\..\..\..\..\..\UnrealEngine 5.3\UE_5.3\Engine\Source\Programs\AutomationTool\XLocLocalization\XLocLocalization.Automation.csproj", "{443C0508-D9C0-32E9-8151-2CFD7F399697}"
EndProject
Project("{FAE04EC0-301F-11D3-BF4B-00C04F79EFBC}") = "ScriptGeneratorUbtPlugin.ubtplugin", "..\..\..\..\..\..\UnrealEngine 5.3\UE_5.3\Engine\Plugins\ScriptPlugin\Source\ScriptGeneratorUbtPlugin\ScriptGeneratorUbtPlugin.ubtplugin.csproj", "{2AD75332-374E-3676-9363-E9EE2DF16588}"
EndProject
Project("{FAE04EC0-301F-11D3-BF4B-00C04F79EFBC}") = "EpicGames.AspNet", "..\..\..\..\..\..\UnrealEngine 5.3\UE_5.3\Engine\Source\Programs\Shared\EpicGames.AspNet\EpicGames.AspNet.csproj", "{DCF91003-7F5D-38BB-B10C-24E37412741F}"
EndProject
Project("{FAE04EC0-301F-11D3-BF4B-00C04F79EFBC}") = "EpicGames.Box", "..\..\..\..\..\..\UnrealEngine 5.3\UE_5.3\Engine\Source\Programs\Shared\EpicGames.Box\EpicGames.Box.csproj", "{A5ED3788-F894-38A6-8867-15A2EEFFF77C}"
EndProject
Project("{FAE04EC0-301F-11D3-BF4B-00C04F79EFBC}") = "EpicGames.Build", "..\..\..\..\..\..\UnrealEngine 5.3\UE_5.3\Engine\Source\Programs\Shared\EpicGames.Build\EpicGames.Build.csproj", "{50185FC9-EA43-3CF6-AA88-22BEB4377493}"
EndProject
Project("{FAE04EC0-301F-11D3-BF4B-00C04F79EFBC}") = "EpicGames.BuildGraph", "..\..\..\..\..\..\UnrealEngine 5.3\UE_5.3\Engine\Source\Programs\Shared\EpicGames.BuildGraph\EpicGames.BuildGraph.csproj", "{3E9CF1B5-0FAC-3D7F-919E-97C32FCAD553}"
EndProject
Project("{FAE04EC0-301F-11D3-BF4B-00C04F79EFBC}") = "EpicGames.Core", "..\..\..\..\..\..\UnrealEngine 5.3\UE_5.3\Engine\Source\Programs\Shared\EpicGames.Core\EpicGames.Core.csproj", "{5BDA3B83-AEAE-373F-940E-759F7C6AF484}"
EndProject
Project("{FAE04EC0-301F-11D3-BF4B-00C04F79EFBC}") = "EpicGames.Horde", "..\..\..\..\..\..\UnrealEngine 5.3\UE_5.3\Engine\Source\Programs\Shared\EpicGames.Horde\EpicGames.Horde.csproj", "{EACF7127-13D2-3BBC-909C-2BB37D50E6BA}"
EndProject
Project("{FAE04EC0-301F-11D3-BF4B-00C04F79EFBC}") = "EpicGames.IoHash", "..\..\..\..\..\..\UnrealEngine 5.3\UE_5.3\Engine\Source\Programs\Shared\EpicGames.IoHash\EpicGames.IoHash.csproj", "{67CA0B47-C831-31F3-B924-06456C6D4E9E}"
EndProject
Project("{FAE04EC0-301F-11D3-BF4B-00C04F79EFBC}") = "EpicGames.Jupiter", "..\..\..\..\..\..\UnrealEngine 5.3\UE_5.3\Engine\Source\Programs\Shared\EpicGames.Jupiter\EpicGames.Jupiter.csproj", "{36A90A3A-604A-3F27-838E-F69F642B49B4}"
EndProject
Project("{FAE04EC0-301F-11D3-BF4B-00C04F79EFBC}") = "EpicGames.MongoDB", "..\..\..\..\..\..\UnrealEngine 5.3\UE_5.3\Engine\Source\Programs\Shared\EpicGames.MongoDB\EpicGames.MongoDB.csproj", "{F5F47E37-BDBD-3406-A3E0-18A193C2D4C2}"
EndProject
Project("{FAE04EC0-301F-11D3-BF4B-00C04F79EFBC}") = "EpicGames.MsBuild", "..\..\..\..\..\..\UnrealEngine 5.3\UE_5.3\Engine\Source\Programs\Shared\EpicGames.MsBuild\EpicGames.MsBuild.csproj", "{A1CA147B-EB52-3D1E-9935-CDD491435283}"
EndProject
Project("{FAE04EC0-301F-11D3-BF4B-00C04F79EFBC}") = "EpicGames.OIDC", "..\..\..\..\..\..\UnrealEngine 5.3\UE_5.3\Engine\Source\Programs\Shared\EpicGames.OIDC\EpicGames.OIDC.csproj", "{789AB98C-31D0-39F3-879D-B52433D3EB7E}"
EndProject
Project("{FAE04EC0-301F-11D3-BF4B-00C04F79EFBC}") = "EpicGames.Oodle", "..\..\..\..\..\..\UnrealEngine 5.3\UE_5.3\Engine\Source\Programs\Shared\EpicGames.Oodle\EpicGames.Oodle.csproj", "{25B39C57-C559-31C9-9695-4D1D87209D00}"
EndProject
Project("{FAE04EC0-301F-11D3-BF4B-00C04F79EFBC}") = "EpicGames.Perforce", "..\..\..\..\..\..\UnrealEngine 5.3\UE_5.3\Engine\Source\Programs\Shared\EpicGames.Perforce\EpicGames.Perforce.csproj", "{909EEF15-430F-3D5E-89AA-C1FA2A0435D1}"
EndProject
Project("{FAE04EC0-301F-11D3-BF4B-00C04F79EFBC}") = "EpicGames.Perforce.Fixture", "..\..\..\..\..\..\UnrealEngine 5.3\UE_5.3\Engine\Source\Programs\Shared\EpicGames.Perforce.Fixture\EpicGames.Perforce.Fixture.csproj", "{185D5580-1636-3EAB-8B57-16FFADAAC711}"
EndProject
Project("{FAE04EC0-301F-11D3-BF4B-00C04F79EFBC}") = "EpicGames.Perforce.Managed", "..\..\..\..\..\..\UnrealEngine 5.3\UE_5.3\Engine\Source\Programs\Shared\EpicGames.Perforce.Managed\EpicGames.Perforce.Managed.csproj", "{96ADE98D-D20A-305B-B12E-75FD18A38606}"
EndProject
Project("{FAE04EC0-301F-11D3-BF4B-00C04F79EFBC}") = "EpicGames.Redis", "..\..\..\..\..\..\UnrealEngine 5.3\UE_5.3\Engine\Source\Programs\Shared\EpicGames.Redis\EpicGames.Redis.csproj", "{F3DE68D4-B168-3068-9F77-6C55A949B0D4}"
EndProject
Project("{FAE04EC0-301F-11D3-BF4B-00C04F79EFBC}") = "EpicGames.Serialization", "..\..\..\..\..\..\UnrealEngine 5.3\UE_5.3\Engine\Source\Programs\Shared\EpicGames.Serialization\EpicGames.Serialization.csproj", "{8CCFC236-08F9-3479-ADFB-C498566E5CB2}"
EndProject
Project("{FAE04EC0-301F-11D3-BF4B-00C04F79EFBC}") = "EpicGames.Slack", "..\..\..\..\..\..\UnrealEngine 5.3\UE_5.3\Engine\Source\Programs\Shared\EpicGames.Slack\EpicGames.Slack.csproj", "{E6E5C56B-F57D-3548-BF10-046955257639}"
EndProject
Project("{FAE04EC0-301F-11D3-BF4B-00C04F79EFBC}") = "EpicGames.Tracing", "..\..\..\..\..\..\UnrealEngine 5.3\UE_5.3\Engine\Source\Programs\Shared\EpicGames.Tracing\EpicGames.Tracing.csproj", "{3F8B0758-3B5F-3675-8BD2-971690F7FDB1}"
EndProject
Project("{FAE04EC0-301F-11D3-BF4B-00C04F79EFBC}") = "EpicGames.UHT", "..\..\..\..\..\..\UnrealEngine 5.3\UE_5.3\Engine\Source\Programs\Shared\EpicGames.UHT\EpicGames.UHT.csproj", "{E1C2F57C-A98C-3AD6-A5B6-BF2254FF07D5}"
EndProject
Project("{FAE04EC0-301F-11D3-BF4B-00C04F79EFBC}") = "TeslaCoilModuleRules", "Intermediate\Build\BuildRulesProjects\TeslaCoilModuleRules\TeslaCoilModuleRules.csproj", "{CDBA0BF2-3D02-359E-8DDA-0191A575D492}"
EndProject
Project("{FAE04EC0-301F-11D3-BF4B-00C04F79EFBC}") = "UE5ProgramRules", "..\..\..\..\..\..\UnrealEngine 5.3\UE_5.3\Engine\Intermediate\Build\BuildRulesProjects\UE5ProgramRules\UE5ProgramRules.csproj", "{C00BD1C3-BA25-363D-8E51-4B27FD806615}"
EndProject
Project("{FAE04EC0-301F-11D3-BF4B-00C04F79EFBC}") = "UE5Rules", "..\..\..\..\..\..\UnrealEngine 5.3\UE_5.3\Engine\Intermediate\Build\BuildRulesProjects\UE5Rules\UE5Rules.csproj", "{630D1ECB-D6C5-39F2-95AA-1B0F16C58F43}"
EndProject
Project("{2150E333-8FDC-42A3-9474-1A3956D46DE8}") = "Visualizers", "Visualizers", "{1CCEC849-CC72-4C59-8C36-2F7C38706D4C}"
	ProjectSection(SolutionItems) = preProject
		..\..\..\..\..\..\UnrealEngine 5.3\UE_5.3\Engine\Extras\VisualStudioDebugging\Unreal.natvis = ..\..\..\..\..\..\UnrealEngine 5.3\UE_5.3\Engine\Extras\VisualStudioDebugging\Unreal.natvis
		..\..\..\..\..\..\UnrealEngine 5.3\UE_5.3\Engine\Extras\VisualStudioDebugging\Unreal.natstepfilter = ..\..\..\..\..\..\UnrealEngine 5.3\UE_5.3\Engine\Extras\VisualStudioDebugging\Unreal.natstepfilter
	EndProjectSection
EndProject
Global
	GlobalSection(SolutionConfigurationPlatforms) = preSolution
		DebugGame Editor|Win64 = DebugGame Editor|Win64
		DebugGame|Win64 = DebugGame|Win64
		Development Editor|Win64 = Development Editor|Win64
		Development|Win64 = Development|Win64
		Shipping|Win64 = Shipping|Win64
	EndGlobalSection
	# UnrealVS Section
	GlobalSection(ddbf523f-7eb6-4887-bd51-85a714ff87eb) = preSolution
		AvailablePlatforms=Win64
	EndGlobalSection
	GlobalSection(ProjectConfigurationPlatforms) = postSolution
		{065BDD95-AF9A-3956-8EDC-60B294DB5232}.DebugGame Editor|Win64.ActiveCfg = DebugGame_Editor|x64
		{065BDD95-AF9A-3956-8EDC-60B294DB5232}.DebugGame Editor|Win64.Build.0 = DebugGame_Editor|x64
		{065BDD95-AF9A-3956-8EDC-60B294DB5232}.DebugGame|Win64.ActiveCfg = DebugGame|x64
		{065BDD95-AF9A-3956-8EDC-60B294DB5232}.DebugGame|Win64.Build.0 = DebugGame|x64
		{065BDD95-AF9A-3956-8EDC-60B294DB5232}.Development Editor|Win64.ActiveCfg = Development_Editor|x64
		{065BDD95-AF9A-3956-8EDC-60B294DB5232}.Development Editor|Win64.Build.0 = Development_Editor|x64
		{065BDD95-AF9A-3956-8EDC-60B294DB5232}.Development|Win64.ActiveCfg = Development|x64
		{065BDD95-AF9A-3956-8EDC-60B294DB5232}.Development|Win64.Build.0 = Development|x64
		{065BDD95-AF9A-3956-8EDC-60B294DB5232}.Shipping|Win64.ActiveCfg = Shipping|x64
		{065BDD95-AF9A-3956-8EDC-60B294DB5232}.Shipping|Win64.Build.0 = Shipping|x64
		{5E110233-6028-3D67-AC34-8AD232D815C8}.DebugGame Editor|Win64.ActiveCfg = BuiltWithUnrealBuildTool|Win64
		{5E110233-6028-3D67-AC34-8AD232D815C8}.DebugGame|Win64.ActiveCfg = BuiltWithUnrealBuildTool|Win64
		{5E110233-6028-3D67-AC34-8AD232D815C8}.Development Editor|Win64.ActiveCfg = BuiltWithUnrealBuildTool|Win64
		{5E110233-6028-3D67-AC34-8AD232D815C8}.Development|Win64.ActiveCfg = BuiltWithUnrealBuildTool|Win64
		{5E110233-6028-3D67-AC34-8AD232D815C8}.Shipping|Win64.ActiveCfg = BuiltWithUnrealBuildTool|Win64
		{389ABAB4-8496-3D23-80FC-BFFADEDFF155}.DebugGame Editor|Win64.ActiveCfg = Development|Any CPU
		{389ABAB4-8496-3D23-80FC-BFFADEDFF155}.DebugGame Editor|Win64.Build.0 = Development|Any CPU
		{389ABAB4-8496-3D23-80FC-BFFADEDFF155}.DebugGame|Win64.ActiveCfg = Development|Any CPU
		{389ABAB4-8496-3D23-80FC-BFFADEDFF155}.DebugGame|Win64.Build.0 = Development|Any CPU
		{389ABAB4-8496-3D23-80FC-BFFADEDFF155}.Development Editor|Win64.ActiveCfg = Development|Any CPU
		{389ABAB4-8496-3D23-80FC-BFFADEDFF155}.Development Editor|Win64.Build.0 = Development|Any CPU
		{389ABAB4-8496-3D23-80FC-BFFADEDFF155}.Development|Win64.ActiveCfg = Development|Any CPU
		{389ABAB4-8496-3D23-80FC-BFFADEDFF155}.Development|Win64.Build.0 = Development|Any CPU
		{389ABAB4-8496-3D23-80FC-BFFADEDFF155}.Shipping|Win64.ActiveCfg = Development|Any CPU
		{389ABAB4-8496-3D23-80FC-BFFADEDFF155}.Shipping|Win64.Build.0 = Development|Any CPU
		{BE14A11F-BC0A-3FEB-B361-DC058E26FCE0}.DebugGame Editor|Win64.ActiveCfg = Development|Any CPU
		{BE14A11F-BC0A-3FEB-B361-DC058E26FCE0}.DebugGame Editor|Win64.Build.0 = Development|Any CPU
		{BE14A11F-BC0A-3FEB-B361-DC058E26FCE0}.DebugGame|Win64.ActiveCfg = Development|Any CPU
		{BE14A11F-BC0A-3FEB-B361-DC058E26FCE0}.DebugGame|Win64.Build.0 = Development|Any CPU
		{BE14A11F-BC0A-3FEB-B361-DC058E26FCE0}.Development Editor|Win64.ActiveCfg = Development|Any CPU
		{BE14A11F-BC0A-3FEB-B361-DC058E26FCE0}.Development Editor|Win64.Build.0 = Development|Any CPU
		{BE14A11F-BC0A-3FEB-B361-DC058E26FCE0}.Development|Win64.ActiveCfg = Development|Any CPU
		{BE14A11F-BC0A-3FEB-B361-DC058E26FCE0}.Development|Win64.Build.0 = Development|Any CPU
		{BE14A11F-BC0A-3FEB-B361-DC058E26FCE0}.Shipping|Win64.ActiveCfg = Development|Any CPU
		{BE14A11F-BC0A-3FEB-B361-DC058E26FCE0}.Shipping|Win64.Build.0 = Development|Any CPU
		{435F8D2B-CFE6-38E7-A4C0-84C0E03D060C}.DebugGame Editor|Win64.ActiveCfg = Development|Any CPU
		{435F8D2B-CFE6-38E7-A4C0-84C0E03D060C}.DebugGame Editor|Win64.Build.0 = Development|Any CPU
		{435F8D2B-CFE6-38E7-A4C0-84C0E03D060C}.DebugGame|Win64.ActiveCfg = Development|Any CPU
		{435F8D2B-CFE6-38E7-A4C0-84C0E03D060C}.DebugGame|Win64.Build.0 = Development|Any CPU
		{435F8D2B-CFE6-38E7-A4C0-84C0E03D060C}.Development Editor|Win64.ActiveCfg = Development|Any CPU
		{435F8D2B-CFE6-38E7-A4C0-84C0E03D060C}.Development Editor|Win64.Build.0 = Development|Any CPU
		{435F8D2B-CFE6-38E7-A4C0-84C0E03D060C}.Development|Win64.ActiveCfg = Development|Any CPU
		{435F8D2B-CFE6-38E7-A4C0-84C0E03D060C}.Development|Win64.Build.0 = Development|Any CPU
		{435F8D2B-CFE6-38E7-A4C0-84C0E03D060C}.Shipping|Win64.ActiveCfg = Development|Any CPU
		{435F8D2B-CFE6-38E7-A4C0-84C0E03D060C}.Shipping|Win64.Build.0 = Development|Any CPU
		{BECA4323-16CF-3150-BA5F-861FD0260B9A}.DebugGame Editor|Win64.ActiveCfg = Development|Any CPU
		{BECA4323-16CF-3150-BA5F-861FD0260B9A}.DebugGame Editor|Win64.Build.0 = Development|Any CPU
		{BECA4323-16CF-3150-BA5F-861FD0260B9A}.DebugGame|Win64.ActiveCfg = Development|Any CPU
		{BECA4323-16CF-3150-BA5F-861FD0260B9A}.DebugGame|Win64.Build.0 = Development|Any CPU
		{BECA4323-16CF-3150-BA5F-861FD0260B9A}.Development Editor|Win64.ActiveCfg = Development|Any CPU
		{BECA4323-16CF-3150-BA5F-861FD0260B9A}.Development Editor|Win64.Build.0 = Development|Any CPU
		{BECA4323-16CF-3150-BA5F-861FD0260B9A}.Development|Win64.ActiveCfg = Development|Any CPU
		{BECA4323-16CF-3150-BA5F-861FD0260B9A}.Development|Win64.Build.0 = Development|Any CPU
		{BECA4323-16CF-3150-BA5F-861FD0260B9A}.Shipping|Win64.ActiveCfg = Development|Any CPU
		{BECA4323-16CF-3150-BA5F-861FD0260B9A}.Shipping|Win64.Build.0 = Development|Any CPU
		{1848F83F-299C-32D8-97A8-731AADA86795}.DebugGame Editor|Win64.ActiveCfg = Development|Any CPU
		{1848F83F-299C-32D8-97A8-731AADA86795}.DebugGame Editor|Win64.Build.0 = Development|Any CPU
		{1848F83F-299C-32D8-97A8-731AADA86795}.DebugGame|Win64.ActiveCfg = Development|Any CPU
		{1848F83F-299C-32D8-97A8-731AADA86795}.DebugGame|Win64.Build.0 = Development|Any CPU
		{1848F83F-299C-32D8-97A8-731AADA86795}.Development Editor|Win64.ActiveCfg = Development|Any CPU
		{1848F83F-299C-32D8-97A8-731AADA86795}.Development Editor|Win64.Build.0 = Development|Any CPU
		{1848F83F-299C-32D8-97A8-731AADA86795}.Development|Win64.ActiveCfg = Development|Any CPU
		{1848F83F-299C-32D8-97A8-731AADA86795}.Development|Win64.Build.0 = Development|Any CPU
		{1848F83F-299C-32D8-97A8-731AADA86795}.Shipping|Win64.ActiveCfg = Development|Any CPU
		{1848F83F-299C-32D8-97A8-731AADA86795}.Shipping|Win64.Build.0 = Development|Any CPU
		{0B532AD2-EC42-36BF-9647-5E5FC8F5A6DB}.DebugGame Editor|Win64.ActiveCfg = Development|Any CPU
		{0B532AD2-EC42-36BF-9647-5E5FC8F5A6DB}.DebugGame Editor|Win64.Build.0 = Development|Any CPU
		{0B532AD2-EC42-36BF-9647-5E5FC8F5A6DB}.DebugGame|Win64.ActiveCfg = Development|Any CPU
		{0B532AD2-EC42-36BF-9647-5E5FC8F5A6DB}.DebugGame|Win64.Build.0 = Development|Any CPU
		{0B532AD2-EC42-36BF-9647-5E5FC8F5A6DB}.Development Editor|Win64.ActiveCfg = Development|Any CPU
		{0B532AD2-EC42-36BF-9647-5E5FC8F5A6DB}.Development Editor|Win64.Build.0 = Development|Any CPU
		{0B532AD2-EC42-36BF-9647-5E5FC8F5A6DB}.Development|Win64.ActiveCfg = Development|Any CPU
		{0B532AD2-EC42-36BF-9647-5E5FC8F5A6DB}.Development|Win64.Build.0 = Development|Any CPU
		{0B532AD2-EC42-36BF-9647-5E5FC8F5A6DB}.Shipping|Win64.ActiveCfg = Development|Any CPU
		{0B532AD2-EC42-36BF-9647-5E5FC8F5A6DB}.Shipping|Win64.Build.0 = Development|Any CPU
		{46ACC38F-66BF-3E93-86A6-ECF95B088DE6}.DebugGame Editor|Win64.ActiveCfg = Development|Any CPU
		{46ACC38F-66BF-3E93-86A6-ECF95B088DE6}.DebugGame Editor|Win64.Build.0 = Development|Any CPU
		{46ACC38F-66BF-3E93-86A6-ECF95B088DE6}.DebugGame|Win64.ActiveCfg = Development|Any CPU
		{46ACC38F-66BF-3E93-86A6-ECF95B088DE6}.DebugGame|Win64.Build.0 = Development|Any CPU
		{46ACC38F-66BF-3E93-86A6-ECF95B088DE6}.Development Editor|Win64.ActiveCfg = Development|Any CPU
		{46ACC38F-66BF-3E93-86A6-ECF95B088DE6}.Development Editor|Win64.Build.0 = Development|Any CPU
		{46ACC38F-66BF-3E93-86A6-ECF95B088DE6}.Development|Win64.ActiveCfg = Development|Any CPU
		{46ACC38F-66BF-3E93-86A6-ECF95B088DE6}.Development|Win64.Build.0 = Development|Any CPU
		{46ACC38F-66BF-3E93-86A6-ECF95B088DE6}.Shipping|Win64.ActiveCfg = Development|Any CPU
		{46ACC38F-66BF-3E93-86A6-ECF95B088DE6}.Shipping|Win64.Build.0 = Development|Any CPU
		{EA484F4C-3AF1-3661-9204-0F211831F812}.DebugGame Editor|Win64.ActiveCfg = Development|Any CPU
		{EA484F4C-3AF1-3661-9204-0F211831F812}.DebugGame Editor|Win64.Build.0 = Development|Any CPU
		{EA484F4C-3AF1-3661-9204-0F211831F812}.DebugGame|Win64.ActiveCfg = Development|Any CPU
		{EA484F4C-3AF1-3661-9204-0F211831F812}.DebugGame|Win64.Build.0 = Development|Any CPU
		{EA484F4C-3AF1-3661-9204-0F211831F812}.Development Editor|Win64.ActiveCfg = Development|Any CPU
		{EA484F4C-3AF1-3661-9204-0F211831F812}.Development Editor|Win64.Build.0 = Development|Any CPU
		{EA484F4C-3AF1-3661-9204-0F211831F812}.Development|Win64.ActiveCfg = Development|Any CPU
		{EA484F4C-3AF1-3661-9204-0F211831F812}.Development|Win64.Build.0 = Development|Any CPU
		{EA484F4C-3AF1-3661-9204-0F211831F812}.Shipping|Win64.ActiveCfg = Development|Any CPU
		{EA484F4C-3AF1-3661-9204-0F211831F812}.Shipping|Win64.Build.0 = Development|Any CPU
		{7CF3879E-009A-3207-9B03-F2A393DF91F7}.DebugGame Editor|Win64.ActiveCfg = Development|Any CPU
		{7CF3879E-009A-3207-9B03-F2A393DF91F7}.DebugGame Editor|Win64.Build.0 = Development|Any CPU
		{7CF3879E-009A-3207-9B03-F2A393DF91F7}.DebugGame|Win64.ActiveCfg = Development|Any CPU
		{7CF3879E-009A-3207-9B03-F2A393DF91F7}.DebugGame|Win64.Build.0 = Development|Any CPU
		{7CF3879E-009A-3207-9B03-F2A393DF91F7}.Development Editor|Win64.ActiveCfg = Development|Any CPU
		{7CF3879E-009A-3207-9B03-F2A393DF91F7}.Development Editor|Win64.Build.0 = Development|Any CPU
		{7CF3879E-009A-3207-9B03-F2A393DF91F7}.Development|Win64.ActiveCfg = Development|Any CPU
		{7CF3879E-009A-3207-9B03-F2A393DF91F7}.Development|Win64.Build.0 = Development|Any CPU
		{7CF3879E-009A-3207-9B03-F2A393DF91F7}.Shipping|Win64.ActiveCfg = Development|Any CPU
		{7CF3879E-009A-3207-9B03-F2A393DF91F7}.Shipping|Win64.Build.0 = Development|Any CPU
		{0A086267-9859-3C2E-AF78-68EF4ED22C31}.DebugGame Editor|Win64.ActiveCfg = Development|Any CPU
		{0A086267-9859-3C2E-AF78-68EF4ED22C31}.DebugGame Editor|Win64.Build.0 = Development|Any CPU
		{0A086267-9859-3C2E-AF78-68EF4ED22C31}.DebugGame|Win64.ActiveCfg = Development|Any CPU
		{0A086267-9859-3C2E-AF78-68EF4ED22C31}.DebugGame|Win64.Build.0 = Development|Any CPU
		{0A086267-9859-3C2E-AF78-68EF4ED22C31}.Development Editor|Win64.ActiveCfg = Development|Any CPU
		{0A086267-9859-3C2E-AF78-68EF4ED22C31}.Development Editor|Win64.Build.0 = Development|Any CPU
		{0A086267-9859-3C2E-AF78-68EF4ED22C31}.Development|Win64.ActiveCfg = Development|Any CPU
		{0A086267-9859-3C2E-AF78-68EF4ED22C31}.Development|Win64.Build.0 = Development|Any CPU
		{0A086267-9859-3C2E-AF78-68EF4ED22C31}.Shipping|Win64.ActiveCfg = Development|Any CPU
		{0A086267-9859-3C2E-AF78-68EF4ED22C31}.Shipping|Win64.Build.0 = Development|Any CPU
		{056AE6ED-20C9-3D7E-B876-283B92FF87FC}.DebugGame Editor|Win64.ActiveCfg = Development|Any CPU
		{056AE6ED-20C9-3D7E-B876-283B92FF87FC}.DebugGame Editor|Win64.Build.0 = Development|Any CPU
		{056AE6ED-20C9-3D7E-B876-283B92FF87FC}.DebugGame|Win64.ActiveCfg = Development|Any CPU
		{056AE6ED-20C9-3D7E-B876-283B92FF87FC}.DebugGame|Win64.Build.0 = Development|Any CPU
		{056AE6ED-20C9-3D7E-B876-283B92FF87FC}.Development Editor|Win64.ActiveCfg = Development|Any CPU
		{056AE6ED-20C9-3D7E-B876-283B92FF87FC}.Development Editor|Win64.Build.0 = Development|Any CPU
		{056AE6ED-20C9-3D7E-B876-283B92FF87FC}.Development|Win64.ActiveCfg = Development|Any CPU
		{056AE6ED-20C9-3D7E-B876-283B92FF87FC}.Development|Win64.Build.0 = Development|Any CPU
		{056AE6ED-20C9-3D7E-B876-283B92FF87FC}.Shipping|Win64.ActiveCfg = Development|Any CPU
		{056AE6ED-20C9-3D7E-B876-283B92FF87FC}.Shipping|Win64.Build.0 = Development|Any CPU
		{E1596BB9-841E-3B95-A096-B0F3E17A93F1}.DebugGame Editor|Win64.ActiveCfg = Development|Any CPU
		{E1596BB9-841E-3B95-A096-B0F3E17A93F1}.DebugGame Editor|Win64.Build.0 = Development|Any CPU
		{E1596BB9-841E-3B95-A096-B0F3E17A93F1}.DebugGame|Win64.ActiveCfg = Development|Any CPU
		{E1596BB9-841E-3B95-A096-B0F3E17A93F1}.DebugGame|Win64.Build.0 = Development|Any CPU
		{E1596BB9-841E-3B95-A096-B0F3E17A93F1}.Development Editor|Win64.ActiveCfg = Development|Any CPU
		{E1596BB9-841E-3B95-A096-B0F3E17A93F1}.Development Editor|Win64.Build.0 = Development|Any CPU
		{E1596BB9-841E-3B95-A096-B0F3E17A93F1}.Development|Win64.ActiveCfg = Development|Any CPU
		{E1596BB9-841E-3B95-A096-B0F3E17A93F1}.Development|Win64.Build.0 = Development|Any CPU
		{E1596BB9-841E-3B95-A096-B0F3E17A93F1}.Shipping|Win64.ActiveCfg = Development|Any CPU
		{E1596BB9-841E-3B95-A096-B0F3E17A93F1}.Shipping|Win64.Build.0 = Development|Any CPU
		{E5670856-0E28-3D42-B551-A02EAE469C60}.DebugGame Editor|Win64.ActiveCfg = Development|Any CPU
		{E5670856-0E28-3D42-B551-A02EAE469C60}.DebugGame Editor|Win64.Build.0 = Development|Any CPU
		{E5670856-0E28-3D42-B551-A02EAE469C60}.DebugGame|Win64.ActiveCfg = Development|Any CPU
		{E5670856-0E28-3D42-B551-A02EAE469C60}.DebugGame|Win64.Build.0 = Development|Any CPU
		{E5670856-0E28-3D42-B551-A02EAE469C60}.Development Editor|Win64.ActiveCfg = Development|Any CPU
		{E5670856-0E28-3D42-B551-A02EAE469C60}.Development Editor|Win64.Build.0 = Development|Any CPU
		{E5670856-0E28-3D42-B551-A02EAE469C60}.Development|Win64.ActiveCfg = Development|Any CPU
		{E5670856-0E28-3D42-B551-A02EAE469C60}.Development|Win64.Build.0 = Development|Any CPU
		{E5670856-0E28-3D42-B551-A02EAE469C60}.Shipping|Win64.ActiveCfg = Development|Any CPU
		{E5670856-0E28-3D42-B551-A02EAE469C60}.Shipping|Win64.Build.0 = Development|Any CPU
		{C9DF845A-6AD3-3C50-8DCF-F818517B0DAC}.DebugGame Editor|Win64.ActiveCfg = Development|Any CPU
		{C9DF845A-6AD3-3C50-8DCF-F818517B0DAC}.DebugGame Editor|Win64.Build.0 = Development|Any CPU
		{C9DF845A-6AD3-3C50-8DCF-F818517B0DAC}.DebugGame|Win64.ActiveCfg = Development|Any CPU
		{C9DF845A-6AD3-3C50-8DCF-F818517B0DAC}.DebugGame|Win64.Build.0 = Development|Any CPU
		{C9DF845A-6AD3-3C50-8DCF-F818517B0DAC}.Development Editor|Win64.ActiveCfg = Development|Any CPU
		{C9DF845A-6AD3-3C50-8DCF-F818517B0DAC}.Development Editor|Win64.Build.0 = Development|Any CPU
		{C9DF845A-6AD3-3C50-8DCF-F818517B0DAC}.Development|Win64.ActiveCfg = Development|Any CPU
		{C9DF845A-6AD3-3C50-8DCF-F818517B0DAC}.Development|Win64.Build.0 = Development|Any CPU
		{C9DF845A-6AD3-3C50-8DCF-F818517B0DAC}.Shipping|Win64.ActiveCfg = Development|Any CPU
		{C9DF845A-6AD3-3C50-8DCF-F818517B0DAC}.Shipping|Win64.Build.0 = Development|Any CPU
		{96DDE5E6-DA62-3FB2-A209-CEF716E72DDC}.DebugGame Editor|Win64.ActiveCfg = Development|Any CPU
		{96DDE5E6-DA62-3FB2-A209-CEF716E72DDC}.DebugGame Editor|Win64.Build.0 = Development|Any CPU
		{96DDE5E6-DA62-3FB2-A209-CEF716E72DDC}.DebugGame|Win64.ActiveCfg = Development|Any CPU
		{96DDE5E6-DA62-3FB2-A209-CEF716E72DDC}.DebugGame|Win64.Build.0 = Development|Any CPU
		{96DDE5E6-DA62-3FB2-A209-CEF716E72DDC}.Development Editor|Win64.ActiveCfg = Development|Any CPU
		{96DDE5E6-DA62-3FB2-A209-CEF716E72DDC}.Development Editor|Win64.Build.0 = Development|Any CPU
		{96DDE5E6-DA62-3FB2-A209-CEF716E72DDC}.Development|Win64.ActiveCfg = Development|Any CPU
		{96DDE5E6-DA62-3FB2-A209-CEF716E72DDC}.Development|Win64.Build.0 = Development|Any CPU
		{96DDE5E6-DA62-3FB2-A209-CEF716E72DDC}.Shipping|Win64.ActiveCfg = Development|Any CPU
		{96DDE5E6-DA62-3FB2-A209-CEF716E72DDC}.Shipping|Win64.Build.0 = Development|Any CPU
		{00C016E8-1563-351F-8194-6AB409668A65}.DebugGame Editor|Win64.ActiveCfg = Development|Any CPU
		{00C016E8-1563-351F-8194-6AB409668A65}.DebugGame Editor|Win64.Build.0 = Development|Any CPU
		{00C016E8-1563-351F-8194-6AB409668A65}.DebugGame|Win64.ActiveCfg = Development|Any CPU
		{00C016E8-1563-351F-8194-6AB409668A65}.DebugGame|Win64.Build.0 = Development|Any CPU
		{00C016E8-1563-351F-8194-6AB409668A65}.Development Editor|Win64.ActiveCfg = Development|Any CPU
		{00C016E8-1563-351F-8194-6AB409668A65}.Development Editor|Win64.Build.0 = Development|Any CPU
		{00C016E8-1563-351F-8194-6AB409668A65}.Development|Win64.ActiveCfg = Development|Any CPU
		{00C016E8-1563-351F-8194-6AB409668A65}.Development|Win64.Build.0 = Development|Any CPU
		{00C016E8-1563-351F-8194-6AB409668A65}.Shipping|Win64.ActiveCfg = Development|Any CPU
		{00C016E8-1563-351F-8194-6AB409668A65}.Shipping|Win64.Build.0 = Development|Any CPU
		{D876FC70-5FE2-3006-AC60-EFADE298B112}.DebugGame Editor|Win64.ActiveCfg = Development|Any CPU
		{D876FC70-5FE2-3006-AC60-EFADE298B112}.DebugGame Editor|Win64.Build.0 = Development|Any CPU
		{D876FC70-5FE2-3006-AC60-EFADE298B112}.DebugGame|Win64.ActiveCfg = Development|Any CPU
		{D876FC70-5FE2-3006-AC60-EFADE298B112}.DebugGame|Win64.Build.0 = Development|Any CPU
		{D876FC70-5FE2-3006-AC60-EFADE298B112}.Development Editor|Win64.ActiveCfg = Development|Any CPU
		{D876FC70-5FE2-3006-AC60-EFADE298B112}.Development Editor|Win64.Build.0 = Development|Any CPU
		{D876FC70-5FE2-3006-AC60-EFADE298B112}.Development|Win64.ActiveCfg = Development|Any CPU
		{D876FC70-5FE2-3006-AC60-EFADE298B112}.Development|Win64.Build.0 = Development|Any CPU
		{D876FC70-5FE2-3006-AC60-EFADE298B112}.Shipping|Win64.ActiveCfg = Development|Any CPU
		{D876FC70-5FE2-3006-AC60-EFADE298B112}.Shipping|Win64.Build.0 = Development|Any CPU
		{57CA5E36-71A3-3023-9CC1-8DB903A665DC}.DebugGame Editor|Win64.ActiveCfg = Development|Any CPU
		{57CA5E36-71A3-3023-9CC1-8DB903A665DC}.DebugGame Editor|Win64.Build.0 = Development|Any CPU
		{57CA5E36-71A3-3023-9CC1-8DB903A665DC}.DebugGame|Win64.ActiveCfg = Development|Any CPU
		{57CA5E36-71A3-3023-9CC1-8DB903A665DC}.DebugGame|Win64.Build.0 = Development|Any CPU
		{57CA5E36-71A3-3023-9CC1-8DB903A665DC}.Development Editor|Win64.ActiveCfg = Development|Any CPU
		{57CA5E36-71A3-3023-9CC1-8DB903A665DC}.Development Editor|Win64.Build.0 = Development|Any CPU
		{57CA5E36-71A3-3023-9CC1-8DB903A665DC}.Development|Win64.ActiveCfg = Development|Any CPU
		{57CA5E36-71A3-3023-9CC1-8DB903A665DC}.Development|Win64.Build.0 = Development|Any CPU
		{57CA5E36-71A3-3023-9CC1-8DB903A665DC}.Shipping|Win64.ActiveCfg = Development|Any CPU
		{57CA5E36-71A3-3023-9CC1-8DB903A665DC}.Shipping|Win64.Build.0 = Development|Any CPU
		{1FACF2C5-897B-3124-BC67-B05DD20F756C}.DebugGame Editor|Win64.ActiveCfg = Development|Any CPU
		{1FACF2C5-897B-3124-BC67-B05DD20F756C}.DebugGame Editor|Win64.Build.0 = Development|Any CPU
		{1FACF2C5-897B-3124-BC67-B05DD20F756C}.DebugGame|Win64.ActiveCfg = Development|Any CPU
		{1FACF2C5-897B-3124-BC67-B05DD20F756C}.DebugGame|Win64.Build.0 = Development|Any CPU
		{1FACF2C5-897B-3124-BC67-B05DD20F756C}.Development Editor|Win64.ActiveCfg = Development|Any CPU
		{1FACF2C5-897B-3124-BC67-B05DD20F756C}.Development Editor|Win64.Build.0 = Development|Any CPU
		{1FACF2C5-897B-3124-BC67-B05DD20F756C}.Development|Win64.ActiveCfg = Development|Any CPU
		{1FACF2C5-897B-3124-BC67-B05DD20F756C}.Development|Win64.Build.0 = Development|Any CPU
		{1FACF2C5-897B-3124-BC67-B05DD20F756C}.Shipping|Win64.ActiveCfg = Development|Any CPU
		{1FACF2C5-897B-3124-BC67-B05DD20F756C}.Shipping|Win64.Build.0 = Development|Any CPU
		{6A43C1B3-6636-3869-B742-1A7C567CBAFE}.DebugGame Editor|Win64.ActiveCfg = Development|Any CPU
		{6A43C1B3-6636-3869-B742-1A7C567CBAFE}.DebugGame Editor|Win64.Build.0 = Development|Any CPU
		{6A43C1B3-6636-3869-B742-1A7C567CBAFE}.DebugGame|Win64.ActiveCfg = Development|Any CPU
		{6A43C1B3-6636-3869-B742-1A7C567CBAFE}.DebugGame|Win64.Build.0 = Development|Any CPU
		{6A43C1B3-6636-3869-B742-1A7C567CBAFE}.Development Editor|Win64.ActiveCfg = Development|Any CPU
		{6A43C1B3-6636-3869-B742-1A7C567CBAFE}.Development Editor|Win64.Build.0 = Development|Any CPU
		{6A43C1B3-6636-3869-B742-1A7C567CBAFE}.Development|Win64.ActiveCfg = Development|Any CPU
		{6A43C1B3-6636-3869-B742-1A7C567CBAFE}.Development|Win64.Build.0 = Development|Any CPU
		{6A43C1B3-6636-3869-B742-1A7C567CBAFE}.Shipping|Win64.ActiveCfg = Development|Any CPU
		{6A43C1B3-6636-3869-B742-1A7C567CBAFE}.Shipping|Win64.Build.0 = Development|Any CPU
		{BF622EAA-6EE6-3B93-93C8-394369C30431}.DebugGame Editor|Win64.ActiveCfg = Development|Any CPU
		{BF622EAA-6EE6-3B93-93C8-394369C30431}.DebugGame Editor|Win64.Build.0 = Development|Any CPU
		{BF622EAA-6EE6-3B93-93C8-394369C30431}.DebugGame|Win64.ActiveCfg = Development|Any CPU
		{BF622EAA-6EE6-3B93-93C8-394369C30431}.DebugGame|Win64.Build.0 = Development|Any CPU
		{BF622EAA-6EE6-3B93-93C8-394369C30431}.Development Editor|Win64.ActiveCfg = Development|Any CPU
		{BF622EAA-6EE6-3B93-93C8-394369C30431}.Development Editor|Win64.Build.0 = Development|Any CPU
		{BF622EAA-6EE6-3B93-93C8-394369C30431}.Development|Win64.ActiveCfg = Development|Any CPU
		{BF622EAA-6EE6-3B93-93C8-394369C30431}.Development|Win64.Build.0 = Development|Any CPU
		{BF622EAA-6EE6-3B93-93C8-394369C30431}.Shipping|Win64.ActiveCfg = Development|Any CPU
		{BF622EAA-6EE6-3B93-93C8-394369C30431}.Shipping|Win64.Build.0 = Development|Any CPU
		{443C0508-D9C0-32E9-8151-2CFD7F399697}.DebugGame Editor|Win64.ActiveCfg = Development|Any CPU
		{443C0508-D9C0-32E9-8151-2CFD7F399697}.DebugGame Editor|Win64.Build.0 = Development|Any CPU
		{443C0508-D9C0-32E9-8151-2CFD7F399697}.DebugGame|Win64.ActiveCfg = Development|Any CPU
		{443C0508-D9C0-32E9-8151-2CFD7F399697}.DebugGame|Win64.Build.0 = Development|Any CPU
		{443C0508-D9C0-32E9-8151-2CFD7F399697}.Development Editor|Win64.ActiveCfg = Development|Any CPU
		{443C0508-D9C0-32E9-8151-2CFD7F399697}.Development Editor|Win64.Build.0 = Development|Any CPU
		{443C0508-D9C0-32E9-8151-2CFD7F399697}.Development|Win64.ActiveCfg = Development|Any CPU
		{443C0508-D9C0-32E9-8151-2CFD7F399697}.Development|Win64.Build.0 = Development|Any CPU
		{443C0508-D9C0-32E9-8151-2CFD7F399697}.Shipping|Win64.ActiveCfg = Development|Any CPU
		{443C0508-D9C0-32E9-8151-2CFD7F399697}.Shipping|Win64.Build.0 = Development|Any CPU
		{2AD75332-374E-3676-9363-E9EE2DF16588}.DebugGame Editor|Win64.ActiveCfg = Development|Any CPU
		{2AD75332-374E-3676-9363-E9EE2DF16588}.DebugGame Editor|Win64.Build.0 = Development|Any CPU
		{2AD75332-374E-3676-9363-E9EE2DF16588}.DebugGame|Win64.ActiveCfg = Development|Any CPU
		{2AD75332-374E-3676-9363-E9EE2DF16588}.DebugGame|Win64.Build.0 = Development|Any CPU
		{2AD75332-374E-3676-9363-E9EE2DF16588}.Development Editor|Win64.ActiveCfg = Development|Any CPU
		{2AD75332-374E-3676-9363-E9EE2DF16588}.Development Editor|Win64.Build.0 = Development|Any CPU
		{2AD75332-374E-3676-9363-E9EE2DF16588}.Development|Win64.ActiveCfg = Development|Any CPU
		{2AD75332-374E-3676-9363-E9EE2DF16588}.Development|Win64.Build.0 = Development|Any CPU
		{2AD75332-374E-3676-9363-E9EE2DF16588}.Shipping|Win64.ActiveCfg = Development|Any CPU
		{2AD75332-374E-3676-9363-E9EE2DF16588}.Shipping|Win64.Build.0 = Development|Any CPU
		{DCF91003-7F5D-38BB-B10C-24E37412741F}.DebugGame Editor|Win64.ActiveCfg = Development|Any CPU
		{DCF91003-7F5D-38BB-B10C-24E37412741F}.DebugGame Editor|Win64.Build.0 = Development|Any CPU
		{DCF91003-7F5D-38BB-B10C-24E37412741F}.DebugGame|Win64.ActiveCfg = Development|Any CPU
		{DCF91003-7F5D-38BB-B10C-24E37412741F}.DebugGame|Win64.Build.0 = Development|Any CPU
		{DCF91003-7F5D-38BB-B10C-24E37412741F}.Development Editor|Win64.ActiveCfg = Development|Any CPU
		{DCF91003-7F5D-38BB-B10C-24E37412741F}.Development Editor|Win64.Build.0 = Development|Any CPU
		{DCF91003-7F5D-38BB-B10C-24E37412741F}.Development|Win64.ActiveCfg = Development|Any CPU
		{DCF91003-7F5D-38BB-B10C-24E37412741F}.Development|Win64.Build.0 = Development|Any CPU
		{DCF91003-7F5D-38BB-B10C-24E37412741F}.Shipping|Win64.ActiveCfg = Development|Any CPU
		{DCF91003-7F5D-38BB-B10C-24E37412741F}.Shipping|Win64.Build.0 = Development|Any CPU
		{A5ED3788-F894-38A6-8867-15A2EEFFF77C}.DebugGame Editor|Win64.ActiveCfg = Development|Any CPU
		{A5ED3788-F894-38A6-8867-15A2EEFFF77C}.DebugGame Editor|Win64.Build.0 = Development|Any CPU
		{A5ED3788-F894-38A6-8867-15A2EEFFF77C}.DebugGame|Win64.ActiveCfg = Development|Any CPU
		{A5ED3788-F894-38A6-8867-15A2EEFFF77C}.DebugGame|Win64.Build.0 = Development|Any CPU
		{A5ED3788-F894-38A6-8867-15A2EEFFF77C}.Development Editor|Win64.ActiveCfg = Development|Any CPU
		{A5ED3788-F894-38A6-8867-15A2EEFFF77C}.Development Editor|Win64.Build.0 = Development|Any CPU
		{A5ED3788-F894-38A6-8867-15A2EEFFF77C}.Development|Win64.ActiveCfg = Development|Any CPU
		{A5ED3788-F894-38A6-8867-15A2EEFFF77C}.Development|Win64.Build.0 = Development|Any CPU
		{A5ED3788-F894-38A6-8867-15A2EEFFF77C}.Shipping|Win64.ActiveCfg = Development|Any CPU
		{A5ED3788-F894-38A6-8867-15A2EEFFF77C}.Shipping|Win64.Build.0 = Development|Any CPU
		{50185FC9-EA43-3CF6-AA88-22BEB4377493}.DebugGame Editor|Win64.ActiveCfg = Development|Any CPU
		{50185FC9-EA43-3CF6-AA88-22BEB4377493}.DebugGame Editor|Win64.Build.0 = Development|Any CPU
		{50185FC9-EA43-3CF6-AA88-22BEB4377493}.DebugGame|Win64.ActiveCfg = Development|Any CPU
		{50185FC9-EA43-3CF6-AA88-22BEB4377493}.DebugGame|Win64.Build.0 = Development|Any CPU
		{50185FC9-EA43-3CF6-AA88-22BEB4377493}.Development Editor|Win64.ActiveCfg = Development|Any CPU
		{50185FC9-EA43-3CF6-AA88-22BEB4377493}.Development Editor|Win64.Build.0 = Development|Any CPU
		{50185FC9-EA43-3CF6-AA88-22BEB4377493}.Development|Win64.ActiveCfg = Development|Any CPU
		{50185FC9-EA43-3CF6-AA88-22BEB4377493}.Development|Win64.Build.0 = Development|Any CPU
		{50185FC9-EA43-3CF6-AA88-22BEB4377493}.Shipping|Win64.ActiveCfg = Development|Any CPU
		{50185FC9-EA43-3CF6-AA88-22BEB4377493}.Shipping|Win64.Build.0 = Development|Any CPU
		{3E9CF1B5-0FAC-3D7F-919E-97C32FCAD553}.DebugGame Editor|Win64.ActiveCfg = Development|Any CPU
		{3E9CF1B5-0FAC-3D7F-919E-97C32FCAD553}.DebugGame Editor|Win64.Build.0 = Development|Any CPU
		{3E9CF1B5-0FAC-3D7F-919E-97C32FCAD553}.DebugGame|Win64.ActiveCfg = Development|Any CPU
		{3E9CF1B5-0FAC-3D7F-919E-97C32FCAD553}.DebugGame|Win64.Build.0 = Development|Any CPU
		{3E9CF1B5-0FAC-3D7F-919E-97C32FCAD553}.Development Editor|Win64.ActiveCfg = Development|Any CPU
		{3E9CF1B5-0FAC-3D7F-919E-97C32FCAD553}.Development Editor|Win64.Build.0 = Development|Any CPU
		{3E9CF1B5-0FAC-3D7F-919E-97C32FCAD553}.Development|Win64.ActiveCfg = Development|Any CPU
		{3E9CF1B5-0FAC-3D7F-919E-97C32FCAD553}.Development|Win64.Build.0 = Development|Any CPU
		{3E9CF1B5-0FAC-3D7F-919E-97C32FCAD553}.Shipping|Win64.ActiveCfg = Development|Any CPU
		{3E9CF1B5-0FAC-3D7F-919E-97C32FCAD553}.Shipping|Win64.Build.0 = Development|Any CPU
		{5BDA3B83-AEAE-373F-940E-759F7C6AF484}.DebugGame Editor|Win64.ActiveCfg = Development|Any CPU
		{5BDA3B83-AEAE-373F-940E-759F7C6AF484}.DebugGame Editor|Win64.Build.0 = Development|Any CPU
		{5BDA3B83-AEAE-373F-940E-759F7C6AF484}.DebugGame|Win64.ActiveCfg = Development|Any CPU
		{5BDA3B83-AEAE-373F-940E-759F7C6AF484}.DebugGame|Win64.Build.0 = Development|Any CPU
		{5BDA3B83-AEAE-373F-940E-759F7C6AF484}.Development Editor|Win64.ActiveCfg = Development|Any CPU
		{5BDA3B83-AEAE-373F-940E-759F7C6AF484}.Development Editor|Win64.Build.0 = Development|Any CPU
		{5BDA3B83-AEAE-373F-940E-759F7C6AF484}.Development|Win64.ActiveCfg = Development|Any CPU
		{5BDA3B83-AEAE-373F-940E-759F7C6AF484}.Development|Win64.Build.0 = Development|Any CPU
		{5BDA3B83-AEAE-373F-940E-759F7C6AF484}.Shipping|Win64.ActiveCfg = Development|Any CPU
		{5BDA3B83-AEAE-373F-940E-759F7C6AF484}.Shipping|Win64.Build.0 = Development|Any CPU
		{EACF7127-13D2-3BBC-909C-2BB37D50E6BA}.DebugGame Editor|Win64.ActiveCfg = Development|Any CPU
		{EACF7127-13D2-3BBC-909C-2BB37D50E6BA}.DebugGame Editor|Win64.Build.0 = Development|Any CPU
		{EACF7127-13D2-3BBC-909C-2BB37D50E6BA}.DebugGame|Win64.ActiveCfg = Development|Any CPU
		{EACF7127-13D2-3BBC-909C-2BB37D50E6BA}.DebugGame|Win64.Build.0 = Development|Any CPU
		{EACF7127-13D2-3BBC-909C-2BB37D50E6BA}.Development Editor|Win64.ActiveCfg = Development|Any CPU
		{EACF7127-13D2-3BBC-909C-2BB37D50E6BA}.Development Editor|Win64.Build.0 = Development|Any CPU
		{EACF7127-13D2-3BBC-909C-2BB37D50E6BA}.Development|Win64.ActiveCfg = Development|Any CPU
		{EACF7127-13D2-3BBC-909C-2BB37D50E6BA}.Development|Win64.Build.0 = Development|Any CPU
		{EACF7127-13D2-3BBC-909C-2BB37D50E6BA}.Shipping|Win64.ActiveCfg = Development|Any CPU
		{EACF7127-13D2-3BBC-909C-2BB37D50E6BA}.Shipping|Win64.Build.0 = Development|Any CPU
		{67CA0B47-C831-31F3-B924-06456C6D4E9E}.DebugGame Editor|Win64.ActiveCfg = Development|Any CPU
		{67CA0B47-C831-31F3-B924-06456C6D4E9E}.DebugGame Editor|Win64.Build.0 = Development|Any CPU
		{67CA0B47-C831-31F3-B924-06456C6D4E9E}.DebugGame|Win64.ActiveCfg = Development|Any CPU
		{67CA0B47-C831-31F3-B924-06456C6D4E9E}.DebugGame|Win64.Build.0 = Development|Any CPU
		{67CA0B47-C831-31F3-B924-06456C6D4E9E}.Development Editor|Win64.ActiveCfg = Development|Any CPU
		{67CA0B47-C831-31F3-B924-06456C6D4E9E}.Development Editor|Win64.Build.0 = Development|Any CPU
		{67CA0B47-C831-31F3-B924-06456C6D4E9E}.Development|Win64.ActiveCfg = Development|Any CPU
		{67CA0B47-C831-31F3-B924-06456C6D4E9E}.Development|Win64.Build.0 = Development|Any CPU
		{67CA0B47-C831-31F3-B924-06456C6D4E9E}.Shipping|Win64.ActiveCfg = Development|Any CPU
		{67CA0B47-C831-31F3-B924-06456C6D4E9E}.Shipping|Win64.Build.0 = Development|Any CPU
		{36A90A3A-604A-3F27-838E-F69F642B49B4}.DebugGame Editor|Win64.ActiveCfg = Development|Any CPU
		{36A90A3A-604A-3F27-838E-F69F642B49B4}.DebugGame Editor|Win64.Build.0 = Development|Any CPU
		{36A90A3A-604A-3F27-838E-F69F642B49B4}.DebugGame|Win64.ActiveCfg = Development|Any CPU
		{36A90A3A-604A-3F27-838E-F69F642B49B4}.DebugGame|Win64.Build.0 = Development|Any CPU
		{36A90A3A-604A-3F27-838E-F69F642B49B4}.Development Editor|Win64.ActiveCfg = Development|Any CPU
		{36A90A3A-604A-3F27-838E-F69F642B49B4}.Development Editor|Win64.Build.0 = Development|Any CPU
		{36A90A3A-604A-3F27-838E-F69F642B49B4}.Development|Win64.ActiveCfg = Development|Any CPU
		{36A90A3A-604A-3F27-838E-F69F642B49B4}.Development|Win64.Build.0 = Development|Any CPU
		{36A90A3A-604A-3F27-838E-F69F642B49B4}.Shipping|Win64.ActiveCfg = Development|Any CPU
		{36A90A3A-604A-3F27-838E-F69F642B49B4}.Shipping|Win64.Build.0 = Development|Any CPU
		{F5F47E37-BDBD-3406-A3E0-18A193C2D4C2}.DebugGame Editor|Win64.ActiveCfg = Development|Any CPU
		{F5F47E37-BDBD-3406-A3E0-18A193C2D4C2}.DebugGame Editor|Win64.Build.0 = Development|Any CPU
		{F5F47E37-BDBD-3406-A3E0-18A193C2D4C2}.DebugGame|Win64.ActiveCfg = Development|Any CPU
		{F5F47E37-BDBD-3406-A3E0-18A193C2D4C2}.DebugGame|Win64.Build.0 = Development|Any CPU
		{F5F47E37-BDBD-3406-A3E0-18A193C2D4C2}.Development Editor|Win64.ActiveCfg = Development|Any CPU
		{F5F47E37-BDBD-3406-A3E0-18A193C2D4C2}.Development Editor|Win64.Build.0 = Development|Any CPU
		{F5F47E37-BDBD-3406-A3E0-18A193C2D4C2}.Development|Win64.ActiveCfg = Development|Any CPU
		{F5F47E37-BDBD-3406-A3E0-18A193C2D4C2}.Development|Win64.Build.0 = Development|Any CPU
		{F5F47E37-BDBD-3406-A3E0-18A193C2D4C2}.Shipping|Win64.ActiveCfg = Development|Any CPU
		{F5F47E37-BDBD-3406-A3E0-18A193C2D4C2}.Shipping|Win64.Build.0 = Development|Any CPU
		{A1CA147B-EB52-3D1E-9935-CDD491435283}.DebugGame Editor|Win64.ActiveCfg = Development|Any CPU
		{A1CA147B-EB52-3D1E-9935-CDD491435283}.DebugGame Editor|Win64.Build.0 = Development|Any CPU
		{A1CA147B-EB52-3D1E-9935-CDD491435283}.DebugGame|Win64.ActiveCfg = Development|Any CPU
		{A1CA147B-EB52-3D1E-9935-CDD491435283}.DebugGame|Win64.Build.0 = Development|Any CPU
		{A1CA147B-EB52-3D1E-9935-CDD491435283}.Development Editor|Win64.ActiveCfg = Development|Any CPU
		{A1CA147B-EB52-3D1E-9935-CDD491435283}.Development Editor|Win64.Build.0 = Development|Any CPU
		{A1CA147B-EB52-3D1E-9935-CDD491435283}.Development|Win64.ActiveCfg = Development|Any CPU
		{A1CA147B-EB52-3D1E-9935-CDD491435283}.Development|Win64.Build.0 = Development|Any CPU
		{A1CA147B-EB52-3D1E-9935-CDD491435283}.Shipping|Win64.ActiveCfg = Development|Any CPU
		{A1CA147B-EB52-3D1E-9935-CDD491435283}.Shipping|Win64.Build.0 = Development|Any CPU
		{789AB98C-31D0-39F3-879D-B52433D3EB7E}.DebugGame Editor|Win64.ActiveCfg = Development|Any CPU
		{789AB98C-31D0-39F3-879D-B52433D3EB7E}.DebugGame Editor|Win64.Build.0 = Development|Any CPU
		{789AB98C-31D0-39F3-879D-B52433D3EB7E}.DebugGame|Win64.ActiveCfg = Development|Any CPU
		{789AB98C-31D0-39F3-879D-B52433D3EB7E}.DebugGame|Win64.Build.0 = Development|Any CPU
		{789AB98C-31D0-39F3-879D-B52433D3EB7E}.Development Editor|Win64.ActiveCfg = Development|Any CPU
		{789AB98C-31D0-39F3-879D-B52433D3EB7E}.Development Editor|Win64.Build.0 = Development|Any CPU
		{789AB98C-31D0-39F3-879D-B52433D3EB7E}.Development|Win64.ActiveCfg = Development|Any CPU
		{789AB98C-31D0-39F3-879D-B52433D3EB7E}.Development|Win64.Build.0 = Development|Any CPU
		{789AB98C-31D0-39F3-879D-B52433D3EB7E}.Shipping|Win64.ActiveCfg = Development|Any CPU
		{789AB98C-31D0-39F3-879D-B52433D3EB7E}.Shipping|Win64.Build.0 = Development|Any CPU
		{25B39C57-C559-31C9-9695-4D1D87209D00}.DebugGame Editor|Win64.ActiveCfg = Development|Any CPU
		{25B39C57-C559-31C9-9695-4D1D87209D00}.DebugGame Editor|Win64.Build.0 = Development|Any CPU
		{25B39C57-C559-31C9-9695-4D1D87209D00}.DebugGame|Win64.ActiveCfg = Development|Any CPU
		{25B39C57-C559-31C9-9695-4D1D87209D00}.DebugGame|Win64.Build.0 = Development|Any CPU
		{25B39C57-C559-31C9-9695-4D1D87209D00}.Development Editor|Win64.ActiveCfg = Development|Any CPU
		{25B39C57-C559-31C9-9695-4D1D87209D00}.Development Editor|Win64.Build.0 = Development|Any CPU
		{25B39C57-C559-31C9-9695-4D1D87209D00}.Development|Win64.ActiveCfg = Development|Any CPU
		{25B39C57-C559-31C9-9695-4D1D87209D00}.Development|Win64.Build.0 = Development|Any CPU
		{25B39C57-C559-31C9-9695-4D1D87209D00}.Shipping|Win64.ActiveCfg = Development|Any CPU
		{25B39C57-C559-31C9-9695-4D1D87209D00}.Shipping|Win64.Build.0 = Development|Any CPU
		{909EEF15-430F-3D5E-89AA-C1FA2A0435D1}.DebugGame Editor|Win64.ActiveCfg = Development|Any CPU
		{909EEF15-430F-3D5E-89AA-C1FA2A0435D1}.DebugGame Editor|Win64.Build.0 = Development|Any CPU
		{909EEF15-430F-3D5E-89AA-C1FA2A0435D1}.DebugGame|Win64.ActiveCfg = Development|Any CPU
		{909EEF15-430F-3D5E-89AA-C1FA2A0435D1}.DebugGame|Win64.Build.0 = Development|Any CPU
		{909EEF15-430F-3D5E-89AA-C1FA2A0435D1}.Development Editor|Win64.ActiveCfg = Development|Any CPU
		{909EEF15-430F-3D5E-89AA-C1FA2A0435D1}.Development Editor|Win64.Build.0 = Development|Any CPU
		{909EEF15-430F-3D5E-89AA-C1FA2A0435D1}.Development|Win64.ActiveCfg = Development|Any CPU
		{909EEF15-430F-3D5E-89AA-C1FA2A0435D1}.Development|Win64.Build.0 = Development|Any CPU
		{909EEF15-430F-3D5E-89AA-C1FA2A0435D1}.Shipping|Win64.ActiveCfg = Development|Any CPU
		{909EEF15-430F-3D5E-89AA-C1FA2A0435D1}.Shipping|Win64.Build.0 = Development|Any CPU
		{185D5580-1636-3EAB-8B57-16FFADAAC711}.DebugGame Editor|Win64.ActiveCfg = Development|Any CPU
		{185D5580-1636-3EAB-8B57-16FFADAAC711}.DebugGame Editor|Win64.Build.0 = Development|Any CPU
		{185D5580-1636-3EAB-8B57-16FFADAAC711}.DebugGame|Win64.ActiveCfg = Development|Any CPU
		{185D5580-1636-3EAB-8B57-16FFADAAC711}.DebugGame|Win64.Build.0 = Development|Any CPU
		{185D5580-1636-3EAB-8B57-16FFADAAC711}.Development Editor|Win64.ActiveCfg = Development|Any CPU
		{185D5580-1636-3EAB-8B57-16FFADAAC711}.Development Editor|Win64.Build.0 = Development|Any CPU
		{185D5580-1636-3EAB-8B57-16FFADAAC711}.Development|Win64.ActiveCfg = Development|Any CPU
		{185D5580-1636-3EAB-8B57-16FFADAAC711}.Development|Win64.Build.0 = Development|Any CPU
		{185D5580-1636-3EAB-8B57-16FFADAAC711}.Shipping|Win64.ActiveCfg = Development|Any CPU
		{185D5580-1636-3EAB-8B57-16FFADAAC711}.Shipping|Win64.Build.0 = Development|Any CPU
		{96ADE98D-D20A-305B-B12E-75FD18A38606}.DebugGame Editor|Win64.ActiveCfg = Development|Any CPU
		{96ADE98D-D20A-305B-B12E-75FD18A38606}.DebugGame Editor|Win64.Build.0 = Development|Any CPU
		{96ADE98D-D20A-305B-B12E-75FD18A38606}.DebugGame|Win64.ActiveCfg = Development|Any CPU
		{96ADE98D-D20A-305B-B12E-75FD18A38606}.DebugGame|Win64.Build.0 = Development|Any CPU
		{96ADE98D-D20A-305B-B12E-75FD18A38606}.Development Editor|Win64.ActiveCfg = Development|Any CPU
		{96ADE98D-D20A-305B-B12E-75FD18A38606}.Development Editor|Win64.Build.0 = Development|Any CPU
		{96ADE98D-D20A-305B-B12E-75FD18A38606}.Development|Win64.ActiveCfg = Development|Any CPU
		{96ADE98D-D20A-305B-B12E-75FD18A38606}.Development|Win64.Build.0 = Development|Any CPU
		{96ADE98D-D20A-305B-B12E-75FD18A38606}.Shipping|Win64.ActiveCfg = Development|Any CPU
		{96ADE98D-D20A-305B-B12E-75FD18A38606}.Shipping|Win64.Build.0 = Development|Any CPU
		{F3DE68D4-B168-3068-9F77-6C55A949B0D4}.DebugGame Editor|Win64.ActiveCfg = Development|Any CPU
		{F3DE68D4-B168-3068-9F77-6C55A949B0D4}.DebugGame Editor|Win64.Build.0 = Development|Any CPU
		{F3DE68D4-B168-3068-9F77-6C55A949B0D4}.DebugGame|Win64.ActiveCfg = Development|Any CPU
		{F3DE68D4-B168-3068-9F77-6C55A949B0D4}.DebugGame|Win64.Build.0 = Development|Any CPU
		{F3DE68D4-B168-3068-9F77-6C55A949B0D4}.Development Editor|Win64.ActiveCfg = Development|Any CPU
		{F3DE68D4-B168-3068-9F77-6C55A949B0D4}.Development Editor|Win64.Build.0 = Development|Any CPU
		{F3DE68D4-B168-3068-9F77-6C55A949B0D4}.Development|Win64.ActiveCfg = Development|Any CPU
		{F3DE68D4-B168-3068-9F77-6C55A949B0D4}.Development|Win64.Build.0 = Development|Any CPU
		{F3DE68D4-B168-3068-9F77-6C55A949B0D4}.Shipping|Win64.ActiveCfg = Development|Any CPU
		{F3DE68D4-B168-3068-9F77-6C55A949B0D4}.Shipping|Win64.Build.0 = Development|Any CPU
		{8CCFC236-08F9-3479-ADFB-C498566E5CB2}.DebugGame Editor|Win64.ActiveCfg = Development|Any CPU
		{8CCFC236-08F9-3479-ADFB-C498566E5CB2}.DebugGame Editor|Win64.Build.0 = Development|Any CPU
		{8CCFC236-08F9-3479-ADFB-C498566E5CB2}.DebugGame|Win64.ActiveCfg = Development|Any CPU
		{8CCFC236-08F9-3479-ADFB-C498566E5CB2}.DebugGame|Win64.Build.0 = Development|Any CPU
		{8CCFC236-08F9-3479-ADFB-C498566E5CB2}.Development Editor|Win64.ActiveCfg = Development|Any CPU
		{8CCFC236-08F9-3479-ADFB-C498566E5CB2}.Development Editor|Win64.Build.0 = Development|Any CPU
		{8CCFC236-08F9-3479-ADFB-C498566E5CB2}.Development|Win64.ActiveCfg = Development|Any CPU
		{8CCFC236-08F9-3479-ADFB-C498566E5CB2}.Development|Win64.Build.0 = Development|Any CPU
		{8CCFC236-08F9-3479-ADFB-C498566E5CB2}.Shipping|Win64.ActiveCfg = Development|Any CPU
		{8CCFC236-08F9-3479-ADFB-C498566E5CB2}.Shipping|Win64.Build.0 = Development|Any CPU
		{E6E5C56B-F57D-3548-BF10-046955257639}.DebugGame Editor|Win64.ActiveCfg = Development|Any CPU
		{E6E5C56B-F57D-3548-BF10-046955257639}.DebugGame Editor|Win64.Build.0 = Development|Any CPU
		{E6E5C56B-F57D-3548-BF10-046955257639}.DebugGame|Win64.ActiveCfg = Development|Any CPU
		{E6E5C56B-F57D-3548-BF10-046955257639}.DebugGame|Win64.Build.0 = Development|Any CPU
		{E6E5C56B-F57D-3548-BF10-046955257639}.Development Editor|Win64.ActiveCfg = Development|Any CPU
		{E6E5C56B-F57D-3548-BF10-046955257639}.Development Editor|Win64.Build.0 = Development|Any CPU
		{E6E5C56B-F57D-3548-BF10-046955257639}.Development|Win64.ActiveCfg = Development|Any CPU
		{E6E5C56B-F57D-3548-BF10-046955257639}.Development|Win64.Build.0 = Development|Any CPU
		{E6E5C56B-F57D-3548-BF10-046955257639}.Shipping|Win64.ActiveCfg = Development|Any CPU
		{E6E5C56B-F57D-3548-BF10-046955257639}.Shipping|Win64.Build.0 = Development|Any CPU
		{3F8B0758-3B5F-3675-8BD2-971690F7FDB1}.DebugGame Editor|Win64.ActiveCfg = Development|Any CPU
		{3F8B0758-3B5F-3675-8BD2-971690F7FDB1}.DebugGame Editor|Win64.Build.0 = Development|Any CPU
		{3F8B0758-3B5F-3675-8BD2-971690F7FDB1}.DebugGame|Win64.ActiveCfg = Development|Any CPU
		{3F8B0758-3B5F-3675-8BD2-971690F7FDB1}.DebugGame|Win64.Build.0 = Development|Any CPU
		{3F8B0758-3B5F-3675-8BD2-971690F7FDB1}.Development Editor|Win64.ActiveCfg = Development|Any CPU
		{3F8B0758-3B5F-3675-8BD2-971690F7FDB1}.Development Editor|Win64.Build.0 = Development|Any CPU
		{3F8B0758-3B5F-3675-8BD2-971690F7FDB1}.Development|Win64.ActiveCfg = Development|Any CPU
		{3F8B0758-3B5F-3675-8BD2-971690F7FDB1}.Development|Win64.Build.0 = Development|Any CPU
		{3F8B0758-3B5F-3675-8BD2-971690F7FDB1}.Shipping|Win64.ActiveCfg = Development|Any CPU
		{3F8B0758-3B5F-3675-8BD2-971690F7FDB1}.Shipping|Win64.Build.0 = Development|Any CPU
		{E1C2F57C-A98C-3AD6-A5B6-BF2254FF07D5}.DebugGame Editor|Win64.ActiveCfg = Development|Any CPU
		{E1C2F57C-A98C-3AD6-A5B6-BF2254FF07D5}.DebugGame Editor|Win64.Build.0 = Development|Any CPU
		{E1C2F57C-A98C-3AD6-A5B6-BF2254FF07D5}.DebugGame|Win64.ActiveCfg = Development|Any CPU
		{E1C2F57C-A98C-3AD6-A5B6-BF2254FF07D5}.DebugGame|Win64.Build.0 = Development|Any CPU
		{E1C2F57C-A98C-3AD6-A5B6-BF2254FF07D5}.Development Editor|Win64.ActiveCfg = Development|Any CPU
		{E1C2F57C-A98C-3AD6-A5B6-BF2254FF07D5}.Development Editor|Win64.Build.0 = Development|Any CPU
		{E1C2F57C-A98C-3AD6-A5B6-BF2254FF07D5}.Development|Win64.ActiveCfg = Development|Any CPU
		{E1C2F57C-A98C-3AD6-A5B6-BF2254FF07D5}.Development|Win64.Build.0 = Development|Any CPU
		{E1C2F57C-A98C-3AD6-A5B6-BF2254FF07D5}.Shipping|Win64.ActiveCfg = Development|Any CPU
		{E1C2F57C-A98C-3AD6-A5B6-BF2254FF07D5}.Shipping|Win64.Build.0 = Development|Any CPU
		{CDBA0BF2-3D02-359E-8DDA-0191A575D492}.DebugGame Editor|Win64.ActiveCfg = Development|Any CPU
		{CDBA0BF2-3D02-359E-8DDA-0191A575D492}.DebugGame Editor|Win64.Build.0 = Development|Any CPU
		{CDBA0BF2-3D02-359E-8DDA-0191A575D492}.DebugGame|Win64.ActiveCfg = Development|Any CPU
		{CDBA0BF2-3D02-359E-8DDA-0191A575D492}.DebugGame|Win64.Build.0 = Development|Any CPU
		{CDBA0BF2-3D02-359E-8DDA-0191A575D492}.Development Editor|Win64.ActiveCfg = Development|Any CPU
		{CDBA0BF2-3D02-359E-8DDA-0191A575D492}.Development Editor|Win64.Build.0 = Development|Any CPU
		{CDBA0BF2-3D02-359E-8DDA-0191A575D492}.Development|Win64.ActiveCfg = Development|Any CPU
		{CDBA0BF2-3D02-359E-8DDA-0191A575D492}.Development|Win64.Build.0 = Development|Any CPU
		{CDBA0BF2-3D02-359E-8DDA-0191A575D492}.Shipping|Win64.ActiveCfg = Development|Any CPU
		{CDBA0BF2-3D02-359E-8DDA-0191A575D492}.Shipping|Win64.Build.0 = Development|Any CPU
		{C00BD1C3-BA25-363D-8E51-4B27FD806615}.DebugGame Editor|Win64.ActiveCfg = Development|Any CPU
		{C00BD1C3-BA25-363D-8E51-4B27FD806615}.DebugGame Editor|Win64.Build.0 = Development|Any CPU
		{C00BD1C3-BA25-363D-8E51-4B27FD806615}.DebugGame|Win64.ActiveCfg = Development|Any CPU
		{C00BD1C3-BA25-363D-8E51-4B27FD806615}.DebugGame|Win64.Build.0 = Development|Any CPU
		{C00BD1C3-BA25-363D-8E51-4B27FD806615}.Development Editor|Win64.ActiveCfg = Development|Any CPU
		{C00BD1C3-BA25-363D-8E51-4B27FD806615}.Development Editor|Win64.Build.0 = Development|Any CPU
		{C00BD1C3-BA25-363D-8E51-4B27FD806615}.Development|Win64.ActiveCfg = Development|Any CPU
		{C00BD1C3-BA25-363D-8E51-4B27FD806615}.Development|Win64.Build.0 = Development|Any CPU
		{C00BD1C3-BA25-363D-8E51-4B27FD806615}.Shipping|Win64.ActiveCfg = Development|Any CPU
		{C00BD1C3-BA25-363D-8E51-4B27FD806615}.Shipping|Win64.Build.0 = Development|Any CPU
		{630D1ECB-D6C5-39F2-95AA-1B0F16C58F43}.DebugGame Editor|Win64.ActiveCfg = Development|Any CPU
		{630D1ECB-D6C5-39F2-95AA-1B0F16C58F43}.DebugGame Editor|Win64.Build.0 = Development|Any CPU
		{630D1ECB-D6C5-39F2-95AA-1B0F16C58F43}.DebugGame|Win64.ActiveCfg = Development|Any CPU
		{630D1ECB-D6C5-39F2-95AA-1B0F16C58F43}.DebugGame|Win64.Build.0 = Development|Any CPU
		{630D1ECB-D6C5-39F2-95AA-1B0F16C58F43}.Development Editor|Win64.ActiveCfg = Development|Any CPU
		{630D1ECB-D6C5-39F2-95AA-1B0F16C58F43}.Development Editor|Win64.Build.0 = Development|Any CPU
		{630D1ECB-D6C5-39F2-95AA-1B0F16C58F43}.Development|Win64.ActiveCfg = Development|Any CPU
		{630D1ECB-D6C5-39F2-95AA-1B0F16C58F43}.Development|Win64.Build.0 = Development|Any CPU
		{630D1ECB-D6C5-39F2-95AA-1B0F16C58F43}.Shipping|Win64.ActiveCfg = Development|Any CPU
		{630D1ECB-D6C5-39F2-95AA-1B0F16C58F43}.Shipping|Win64.Build.0 = Development|Any CPU
	EndGlobalSection
	GlobalSection(SolutionProperties) = preSolution
		HideSolutionNode = FALSE
	EndGlobalSection
	GlobalSection(NestedProjects) = preSolution
		{5E110233-6028-3D67-AC34-8AD232D815C8} = {233774A8-CC9D-3FA9-86D1-90573E92B704}
		{065BDD95-AF9A-3956-8EDC-60B294DB5232} = {DE1F8B53-6C02-3C13-9101-A7C8D96F3FF6}
		{389ABAB4-8496-3D23-80FC-BFFADEDFF155} = {A338B9E2-A559-34BE-A46D-F789DD488FAD}
		{BE14A11F-BC0A-3FEB-B361-DC058E26FCE0} = {A338B9E2-A559-34BE-A46D-F789DD488FAD}
		{0BFBE63A-B98A-3411-8EEB-8918FEC737B3} = {A338B9E2-A559-34BE-A46D-F789DD488FAD}
		{7B5CFB44-F0FB-31DF-AE62-C3C096A29A7B} = {A338B9E2-A559-34BE-A46D-F789DD488FAD}
		{57713676-9DBE-331C-AD10-26632AC9EE0C} = {A338B9E2-A559-34BE-A46D-F789DD488FAD}
		{435F8D2B-CFE6-38E7-A4C0-84C0E03D060C} = {0BFBE63A-B98A-3411-8EEB-8918FEC737B3}
		{BECA4323-16CF-3150-BA5F-861FD0260B9A} = {0BFBE63A-B98A-3411-8EEB-8918FEC737B3}
		{1848F83F-299C-32D8-97A8-731AADA86795} = {0BFBE63A-B98A-3411-8EEB-8918FEC737B3}
		{0B532AD2-EC42-36BF-9647-5E5FC8F5A6DB} = {0BFBE63A-B98A-3411-8EEB-8918FEC737B3}
		{46ACC38F-66BF-3E93-86A6-ECF95B088DE6} = {0BFBE63A-B98A-3411-8EEB-8918FEC737B3}
		{EA484F4C-3AF1-3661-9204-0F211831F812} = {0BFBE63A-B98A-3411-8EEB-8918FEC737B3}
		{7CF3879E-009A-3207-9B03-F2A393DF91F7} = {0BFBE63A-B98A-3411-8EEB-8918FEC737B3}
		{0A086267-9859-3C2E-AF78-68EF4ED22C31} = {0BFBE63A-B98A-3411-8EEB-8918FEC737B3}
		{056AE6ED-20C9-3D7E-B876-283B92FF87FC} = {0BFBE63A-B98A-3411-8EEB-8918FEC737B3}
		{E1596BB9-841E-3B95-A096-B0F3E17A93F1} = {0BFBE63A-B98A-3411-8EEB-8918FEC737B3}
		{E5670856-0E28-3D42-B551-A02EAE469C60} = {0BFBE63A-B98A-3411-8EEB-8918FEC737B3}
		{C9DF845A-6AD3-3C50-8DCF-F818517B0DAC} = {0BFBE63A-B98A-3411-8EEB-8918FEC737B3}
		{96DDE5E6-DA62-3FB2-A209-CEF716E72DDC} = {0BFBE63A-B98A-3411-8EEB-8918FEC737B3}
		{00C016E8-1563-351F-8194-6AB409668A65} = {0BFBE63A-B98A-3411-8EEB-8918FEC737B3}
		{D876FC70-5FE2-3006-AC60-EFADE298B112} = {0BFBE63A-B98A-3411-8EEB-8918FEC737B3}
		{57CA5E36-71A3-3023-9CC1-8DB903A665DC} = {0BFBE63A-B98A-3411-8EEB-8918FEC737B3}
		{1FACF2C5-897B-3124-BC67-B05DD20F756C} = {0BFBE63A-B98A-3411-8EEB-8918FEC737B3}
		{6A43C1B3-6636-3869-B742-1A7C567CBAFE} = {0BFBE63A-B98A-3411-8EEB-8918FEC737B3}
		{BF622EAA-6EE6-3B93-93C8-394369C30431} = {0BFBE63A-B98A-3411-8EEB-8918FEC737B3}
		{443C0508-D9C0-32E9-8151-2CFD7F399697} = {0BFBE63A-B98A-3411-8EEB-8918FEC737B3}
		{2AD75332-374E-3676-9363-E9EE2DF16588} = {7B5CFB44-F0FB-31DF-AE62-C3C096A29A7B}
		{DCF91003-7F5D-38BB-B10C-24E37412741F} = {57713676-9DBE-331C-AD10-26632AC9EE0C}
		{A5ED3788-F894-38A6-8867-15A2EEFFF77C} = {57713676-9DBE-331C-AD10-26632AC9EE0C}
		{50185FC9-EA43-3CF6-AA88-22BEB4377493} = {57713676-9DBE-331C-AD10-26632AC9EE0C}
		{3E9CF1B5-0FAC-3D7F-919E-97C32FCAD553} = {57713676-9DBE-331C-AD10-26632AC9EE0C}
		{5BDA3B83-AEAE-373F-940E-759F7C6AF484} = {57713676-9DBE-331C-AD10-26632AC9EE0C}
		{EACF7127-13D2-3BBC-909C-2BB37D50E6BA} = {57713676-9DBE-331C-AD10-26632AC9EE0C}
		{67CA0B47-C831-31F3-B924-06456C6D4E9E} = {57713676-9DBE-331C-AD10-26632AC9EE0C}
		{36A90A3A-604A-3F27-838E-F69F642B49B4} = {57713676-9DBE-331C-AD10-26632AC9EE0C}
		{F5F47E37-BDBD-3406-A3E0-18A193C2D4C2} = {57713676-9DBE-331C-AD10-26632AC9EE0C}
		{A1CA147B-EB52-3D1E-9935-CDD491435283} = {57713676-9DBE-331C-AD10-26632AC9EE0C}
		{789AB98C-31D0-39F3-879D-B52433D3EB7E} = {57713676-9DBE-331C-AD10-26632AC9EE0C}
		{25B39C57-C559-31C9-9695-4D1D87209D00} = {57713676-9DBE-331C-AD10-26632AC9EE0C}
		{909EEF15-430F-3D5E-89AA-C1FA2A0435D1} = {57713676-9DBE-331C-AD10-26632AC9EE0C}
		{185D5580-1636-3EAB-8B57-16FFADAAC711} = {57713676-9DBE-331C-AD10-26632AC9EE0C}
		{96ADE98D-D20A-305B-B12E-75FD18A38606} = {57713676-9DBE-331C-AD10-26632AC9EE0C}
		{F3DE68D4-B168-3068-9F77-6C55A949B0D4} = {57713676-9DBE-331C-AD10-26632AC9EE0C}
		{8CCFC236-08F9-3479-ADFB-C498566E5CB2} = {57713676-9DBE-331C-AD10-26632AC9EE0C}
		{E6E5C56B-F57D-3548-BF10-046955257639} = {57713676-9DBE-331C-AD10-26632AC9EE0C}
		{3F8B0758-3B5F-3675-8BD2-971690F7FDB1} = {57713676-9DBE-331C-AD10-26632AC9EE0C}
		{E1C2F57C-A98C-3AD6-A5B6-BF2254FF07D5} = {57713676-9DBE-331C-AD10-26632AC9EE0C}
		{CDBA0BF2-3D02-359E-8DDA-0191A575D492} = {C2F57ECE-B26F-39D8-BDA7-C1D40BD8F180}
		{C00BD1C3-BA25-363D-8E51-4B27FD806615} = {C2F57ECE-B26F-39D8-BDA7-C1D40BD8F180}
		{630D1ECB-D6C5-39F2-95AA-1B0F16C58F43} = {C2F57ECE-B26F-39D8-BDA7-C1D40BD8F180}
	EndGlobalSection
EndGlobal
